
Microsoft Visual Studio Solution File, Format Version 12.00
# Visual Studio Version 16
VisualStudioVersion = 16.0.29609.76
MinimumVisualStudioVersion = 10.0.40219.1
Project("{9A19103F-16F7-4668-BE54-9A1E7A4F7556}") = "Commons.Persistence", "Commons.Persistence\Commons.Persistence.csproj", "{7852EC02-74DF-4076-9EB3-348BB8E2599C}"
EndProject
Project("{FAE04EC0-301F-11D3-BF4B-00C04F79EFBC}") = "Commons.Persistence.Tests", "Commons.Persistence.Tests\Commons.Persistence.Tests.csproj", "{DF0BB708-CCA3-4049-9262-9B1608F4EF08}"
EndProject
Project("{2150E333-8FDC-42A3-9474-1A3956D46DE8}") = "DevOps", "DevOps", "{37724AA1-0550-4AB7-8DD3-A65CA8453E5C}"
	ProjectSection(SolutionItems) = preProject
		azure-pipelines.yml = azure-pipelines.yml
	EndProjectSection
EndProject
Project("{FAE04EC0-301F-11D3-BF4B-00C04F79EFBC}") = "Commons.Persistence.EntityFramework", "Commons.Persistence.EntityFramework\Commons.Persistence.EntityFramework.csproj", "{AD43AF7C-4216-4E9C-99CC-7C20CE87174C}"
EndProject
Project("{FAE04EC0-301F-11D3-BF4B-00C04F79EFBC}") = "Commons.Persistence.EntityFramework.Tests", "Commons.Persistence.EntityFramework.Tests\Commons.Persistence.EntityFramework.Tests.csproj", "{2C650129-A639-49F6-87CE-D6165D24CFD3}"
EndProject
Global
	GlobalSection(SolutionConfigurationPlatforms) = preSolution
		Debug|Any CPU = Debug|Any CPU
		Release|Any CPU = Release|Any CPU
	EndGlobalSection
	GlobalSection(ProjectConfigurationPlatforms) = postSolution
		{7852EC02-74DF-4076-9EB3-348BB8E2599C}.Debug|Any CPU.ActiveCfg = Debug|Any CPU
		{7852EC02-74DF-4076-9EB3-348BB8E2599C}.Debug|Any CPU.Build.0 = Debug|Any CPU
		{7852EC02-74DF-4076-9EB3-348BB8E2599C}.Release|Any CPU.ActiveCfg = Release|Any CPU
		{7852EC02-74DF-4076-9EB3-348BB8E2599C}.Release|Any CPU.Build.0 = Release|Any CPU
		{DF0BB708-CCA3-4049-9262-9B1608F4EF08}.Debug|Any CPU.ActiveCfg = Debug|Any CPU
		{DF0BB708-CCA3-4049-9262-9B1608F4EF08}.Debug|Any CPU.Build.0 = Debug|Any CPU
		{DF0BB708-CCA3-4049-9262-9B1608F4EF08}.Release|Any CPU.ActiveCfg = Release|Any CPU
		{DF0BB708-CCA3-4049-9262-9B1608F4EF08}.Release|Any CPU.Build.0 = Release|Any CPU
		{AD43AF7C-4216-4E9C-99CC-7C20CE87174C}.Debug|Any CPU.ActiveCfg = Debug|Any CPU
		{AD43AF7C-4216-4E9C-99CC-7C20CE87174C}.Debug|Any CPU.Build.0 = Debug|Any CPU
		{AD43AF7C-4216-4E9C-99CC-7C20CE87174C}.Release|Any CPU.ActiveCfg = Release|Any CPU
		{AD43AF7C-4216-4E9C-99CC-7C20CE87174C}.Release|Any CPU.Build.0 = Release|Any CPU
		{2C650129-A639-49F6-87CE-D6165D24CFD3}.Debug|Any CPU.ActiveCfg = Debug|Any CPU
		{2C650129-A639-49F6-87CE-D6165D24CFD3}.Debug|Any CPU.Build.0 = Debug|Any CPU
		{2C650129-A639-49F6-87CE-D6165D24CFD3}.Release|Any CPU.ActiveCfg = Release|Any CPU
		{2C650129-A639-49F6-87CE-D6165D24CFD3}.Release|Any CPU.Build.0 = Release|Any CPU
	EndGlobalSection
	GlobalSection(SolutionProperties) = preSolution
		HideSolutionNode = FALSE
	EndGlobalSection
	GlobalSection(ExtensibilityGlobals) = postSolution
		SolutionGuid = {D17085FB-74A3-4C31-9F5F-F1BCCBC37326}
	EndGlobalSection
EndGlobal
